// !$*UTF8*$!
{
	archiveVersion = 1;
	classes = {
	};
	objectVersion = 48;
	objects = {

/* Begin PBXBuildFile section */
		340210361FA6E13300193AF8 /* AppDelegate.m in Sources */ = {isa = PBXBuildFile; fileRef = 340210351FA6E13300193AF8 /* AppDelegate.m */; };
		340210391FA6E13300193AF8 /* ViewController.m in Sources */ = {isa = PBXBuildFile; fileRef = 340210381FA6E13300193AF8 /* ViewController.m */; };
		3402103C1FA6E13300193AF8 /* Main.storyboard in Resources */ = {isa = PBXBuildFile; fileRef = 3402103A1FA6E13300193AF8 /* Main.storyboard */; };
		3402103E1FA6E13300193AF8 /* Assets.xcassets in Resources */ = {isa = PBXBuildFile; fileRef = 3402103D1FA6E13300193AF8 /* Assets.xcassets */; };
		340210411FA6E13300193AF8 /* LaunchScreen.storyboard in Resources */ = {isa = PBXBuildFile; fileRef = 3402103F1FA6E13300193AF8 /* LaunchScreen.storyboard */; };
		340210441FA6E13300193AF8 /* main.m in Sources */ = {isa = PBXBuildFile; fileRef = 340210431FA6E13300193AF8 /* main.m */; };
		3402104E1FA6E13300193AF8 /* SemitrailerUsedCarTests.m in Sources */ = {isa = PBXBuildFile; fileRef = 3402104D1FA6E13300193AF8 /* SemitrailerUsedCarTests.m */; };
		340210591FA6E13300193AF8 /* SemitrailerUsedCarUITests.m in Sources */ = {isa = PBXBuildFile; fileRef = 340210581FA6E13300193AF8 /* SemitrailerUsedCarUITests.m */; };
		340B80931FB84410009421F0 /* UserCenterTableViewCell.m in Sources */ = {isa = PBXBuildFile; fileRef = 340B80911FB84410009421F0 /* UserCenterTableViewCell.m */; };
		340B80941FB84410009421F0 /* UserCenterTableViewCell.xib in Resources */ = {isa = PBXBuildFile; fileRef = 340B80921FB84410009421F0 /* UserCenterTableViewCell.xib */; };
		340B80991FB84D7B009421F0 /* AllocDeallocViewController.m in Sources */ = {isa = PBXBuildFile; fileRef = 340B80951FB84D7A009421F0 /* AllocDeallocViewController.m */; };
		340B809A1FB84D7B009421F0 /* BasicViewController.m in Sources */ = {isa = PBXBuildFile; fileRef = 340B80981FB84D7B009421F0 /* BasicViewController.m */; };
		34288B131FA76529004C98E9 /* SellCarViewController.m in Sources */ = {isa = PBXBuildFile; fileRef = 34288B111FA76529004C98E9 /* SellCarViewController.m */; };
		34288B141FA76529004C98E9 /* SellCarViewController.xib in Resources */ = {isa = PBXBuildFile; fileRef = 34288B121FA76529004C98E9 /* SellCarViewController.xib */; };
		34288B201FA7659C004C98E9 /* BuyCarViewController.m in Sources */ = {isa = PBXBuildFile; fileRef = 34288B1E1FA7659C004C98E9 /* BuyCarViewController.m */; };
		34288B211FA7659C004C98E9 /* BuyCarViewController.xib in Resources */ = {isa = PBXBuildFile; fileRef = 34288B1F1FA7659C004C98E9 /* BuyCarViewController.xib */; };
		34288B271FA76741004C98E9 /* EmployViewController.m in Sources */ = {isa = PBXBuildFile; fileRef = 34288B251FA76741004C98E9 /* EmployViewController.m */; };
		34288B281FA76741004C98E9 /* EmployViewController.xib in Resources */ = {isa = PBXBuildFile; fileRef = 34288B261FA76741004C98E9 /* EmployViewController.xib */; };
		34288B2D1FA767D3004C98E9 /* UserCenterViewController.m in Sources */ = {isa = PBXBuildFile; fileRef = 34288B2B1FA767D3004C98E9 /* UserCenterViewController.m */; };
		34288B2E1FA767D3004C98E9 /* UserCenterViewController.xib in Resources */ = {isa = PBXBuildFile; fileRef = 34288B2C1FA767D3004C98E9 /* UserCenterViewController.xib */; };
		34288B311FA76884004C98E9 /* BasicNavigationViewController.m in Sources */ = {isa = PBXBuildFile; fileRef = 34288B301FA76884004C98E9 /* BasicNavigationViewController.m */; };
		34288B341FA7693E004C98E9 /* BasicTabbarViewController.m in Sources */ = {isa = PBXBuildFile; fileRef = 34288B331FA7693E004C98E9 /* BasicTabbarViewController.m */; };
		34288B421FA77147004C98E9 /* UIColor+Extension.m in Sources */ = {isa = PBXBuildFile; fileRef = 34288B3B1FA77049004C98E9 /* UIColor+Extension.m */; };
		344E81BB1FB9DA5C0061DAB1 /* LoginViewController.m in Sources */ = {isa = PBXBuildFile; fileRef = 344E81B91FB9DA5C0061DAB1 /* LoginViewController.m */; };
		344E81BC1FB9DA5C0061DAB1 /* LoginViewController.xib in Resources */ = {isa = PBXBuildFile; fileRef = 344E81BA1FB9DA5C0061DAB1 /* LoginViewController.xib */; };
		344E81C01FB9DAEF0061DAB1 /* RegisterViewController.m in Sources */ = {isa = PBXBuildFile; fileRef = 344E81BE1FB9DAEF0061DAB1 /* RegisterViewController.m */; };
		344E81C11FB9DAEF0061DAB1 /* RegisterViewController.xib in Resources */ = {isa = PBXBuildFile; fileRef = 344E81BF1FB9DAEF0061DAB1 /* RegisterViewController.xib */; };
		344E81C51FB9DB090061DAB1 /* ForgetPwViewController.m in Sources */ = {isa = PBXBuildFile; fileRef = 344E81C31FB9DB090061DAB1 /* ForgetPwViewController.m */; };
		344E81C61FB9DB090061DAB1 /* ForgetPwViewController.xib in Resources */ = {isa = PBXBuildFile; fileRef = 344E81C41FB9DB090061DAB1 /* ForgetPwViewController.xib */; };
		344E81CA1FB9DB280061DAB1 /* ConfirmPwViewController.m in Sources */ = {isa = PBXBuildFile; fileRef = 344E81C81FB9DB280061DAB1 /* ConfirmPwViewController.m */; };
		344E81CB1FB9DB280061DAB1 /* ConfirmPwViewController.xib in Resources */ = {isa = PBXBuildFile; fileRef = 344E81C91FB9DB280061DAB1 /* ConfirmPwViewController.xib */; };
		345354CB1FA986B7005AC3E3 /* EmployTableViewCell.m in Sources */ = {isa = PBXBuildFile; fileRef = 345354C91FA986B7005AC3E3 /* EmployTableViewCell.m */; };
		345354CC1FA986B7005AC3E3 /* EmployTableViewCell.xib in Resources */ = {isa = PBXBuildFile; fileRef = 345354CA1FA986B7005AC3E3 /* EmployTableViewCell.xib */; };
		345822271FB0BAAF00A00E8F /* SellCarTableViewCell.m in Sources */ = {isa = PBXBuildFile; fileRef = 345822251FB0BAAF00A00E8F /* SellCarTableViewCell.m */; };
		345822281FB0BAAF00A00E8F /* SellCarTableViewCell.xib in Resources */ = {isa = PBXBuildFile; fileRef = 345822261FB0BAAF00A00E8F /* SellCarTableViewCell.xib */; };
		34DD20B91FB40D800080E9C0 /* BuyCarTableViewCell.m in Sources */ = {isa = PBXBuildFile; fileRef = 34DD20B71FB40D800080E9C0 /* BuyCarTableViewCell.m */; };
		34DD20BA1FB40D800080E9C0 /* BuyCarTableViewCell.xib in Resources */ = {isa = PBXBuildFile; fileRef = 34DD20B81FB40D800080E9C0 /* BuyCarTableViewCell.xib */; };
		34E435A61FCAA3C800E46160 /* BasicWebViewController.m in Sources */ = {isa = PBXBuildFile; fileRef = 34E435A41FCAA3C800E46160 /* BasicWebViewController.m */; };
		34E435A71FCAA3C800E46160 /* BasicWebViewController.xib in Resources */ = {isa = PBXBuildFile; fileRef = 34E435A51FCAA3C800E46160 /* BasicWebViewController.xib */; };
		34E435AB1FCAA62200E46160 /* RechargeRecordListViewController.m in Sources */ = {isa = PBXBuildFile; fileRef = 34E435A91FCAA62200E46160 /* RechargeRecordListViewController.m */; };
		34E435AC1FCAA62200E46160 /* RechargeRecordListViewController.xib in Resources */ = {isa = PBXBuildFile; fileRef = 34E435AA1FCAA62200E46160 /* RechargeRecordListViewController.xib */; };
		34E435B01FCAA83900E46160 /* RechargeRecordListTableViewCell.m in Sources */ = {isa = PBXBuildFile; fileRef = 34E435AE1FCAA83900E46160 /* RechargeRecordListTableViewCell.m */; };
		34E435B11FCAA83900E46160 /* RechargeRecordListTableViewCell.xib in Resources */ = {isa = PBXBuildFile; fileRef = 34E435AF1FCAA83900E46160 /* RechargeRecordListTableViewCell.xib */; };
		34E435B51FCAADD200E46160 /* MyConnectViewController.m in Sources */ = {isa = PBXBuildFile; fileRef = 34E435B31FCAADD200E46160 /* MyConnectViewController.m */; };
		34E435B61FCAADD200E46160 /* MyConnectViewController.xib in Resources */ = {isa = PBXBuildFile; fileRef = 34E435B41FCAADD200E46160 /* MyConnectViewController.xib */; };
		34E435BB1FCAAFD200E46160 /* SettingViewController.xib in Resources */ = {isa = PBXBuildFile; fileRef = 34E435B91FCAAFD200E46160 /* SettingViewController.xib */; };
		34E435BD1FCAB2AD00E46160 /* SettingViewController.m in Sources */ = {isa = PBXBuildFile; fileRef = 34E435BC1FCAB2AC00E46160 /* SettingViewController.m */; };
		6AC84DFBAD82EE6AE29DDC48 /* libPods-SemitrailerUsedCar.a in Frameworks */ = {isa = PBXBuildFile; fileRef = BD237B74EE25B014D2E9E9CB /* libPods-SemitrailerUsedCar.a */; };
/* End PBXBuildFile section */

/* Begin PBXContainerItemProxy section */
		3402104A1FA6E13300193AF8 /* PBXContainerItemProxy */ = {
			isa = PBXContainerItemProxy;
			containerPortal = 340210291FA6E13300193AF8 /* Project object */;
			proxyType = 1;
			remoteGlobalIDString = 340210301FA6E13300193AF8;
			remoteInfo = SemitrailerUsedCar;
		};
		340210551FA6E13300193AF8 /* PBXContainerItemProxy */ = {
			isa = PBXContainerItemProxy;
			containerPortal = 340210291FA6E13300193AF8 /* Project object */;
			proxyType = 1;
			remoteGlobalIDString = 340210301FA6E13300193AF8;
			remoteInfo = SemitrailerUsedCar;
		};
/* End PBXContainerItemProxy section */

/* Begin PBXFileReference section */
		340210311FA6E13300193AF8 /* SemitrailerUsedCar.app */ = {isa = PBXFileReference; explicitFileType = wrapper.application; includeInIndex = 0; path = SemitrailerUsedCar.app; sourceTree = BUILT_PRODUCTS_DIR; };
		340210341FA6E13300193AF8 /* AppDelegate.h */ = {isa = PBXFileReference; lastKnownFileType = sourcecode.c.h; path = AppDelegate.h; sourceTree = "<group>"; };
		340210351FA6E13300193AF8 /* AppDelegate.m */ = {isa = PBXFileReference; lastKnownFileType = sourcecode.c.objc; path = AppDelegate.m; sourceTree = "<group>"; };
		340210371FA6E13300193AF8 /* ViewController.h */ = {isa = PBXFileReference; lastKnownFileType = sourcecode.c.h; path = ViewController.h; sourceTree = "<group>"; };
		340210381FA6E13300193AF8 /* ViewController.m */ = {isa = PBXFileReference; lastKnownFileType = sourcecode.c.objc; path = ViewController.m; sourceTree = "<group>"; };
		3402103B1FA6E13300193AF8 /* Base */ = {isa = PBXFileReference; lastKnownFileType = file.storyboard; name = Base; path = Base.lproj/Main.storyboard; sourceTree = "<group>"; };
		3402103D1FA6E13300193AF8 /* Assets.xcassets */ = {isa = PBXFileReference; lastKnownFileType = folder.assetcatalog; path = Assets.xcassets; sourceTree = "<group>"; };
		340210401FA6E13300193AF8 /* Base */ = {isa = PBXFileReference; lastKnownFileType = file.storyboard; name = Base; path = Base.lproj/LaunchScreen.storyboard; sourceTree = "<group>"; };
		340210421FA6E13300193AF8 /* Info.plist */ = {isa = PBXFileReference; lastKnownFileType = text.plist.xml; path = Info.plist; sourceTree = "<group>"; };
		340210431FA6E13300193AF8 /* main.m */ = {isa = PBXFileReference; lastKnownFileType = sourcecode.c.objc; path = main.m; sourceTree = "<group>"; };
		340210491FA6E13300193AF8 /* SemitrailerUsedCarTests.xctest */ = {isa = PBXFileReference; explicitFileType = wrapper.cfbundle; includeInIndex = 0; path = SemitrailerUsedCarTests.xctest; sourceTree = BUILT_PRODUCTS_DIR; };
		3402104D1FA6E13300193AF8 /* SemitrailerUsedCarTests.m */ = {isa = PBXFileReference; lastKnownFileType = sourcecode.c.objc; path = SemitrailerUsedCarTests.m; sourceTree = "<group>"; };
		3402104F1FA6E13300193AF8 /* Info.plist */ = {isa = PBXFileReference; lastKnownFileType = text.plist.xml; path = Info.plist; sourceTree = "<group>"; };
		340210541FA6E13300193AF8 /* SemitrailerUsedCarUITests.xctest */ = {isa = PBXFileReference; explicitFileType = wrapper.cfbundle; includeInIndex = 0; path = SemitrailerUsedCarUITests.xctest; sourceTree = BUILT_PRODUCTS_DIR; };
		340210581FA6E13300193AF8 /* SemitrailerUsedCarUITests.m */ = {isa = PBXFileReference; lastKnownFileType = sourcecode.c.objc; path = SemitrailerUsedCarUITests.m; sourceTree = "<group>"; };
		3402105A1FA6E13300193AF8 /* Info.plist */ = {isa = PBXFileReference; lastKnownFileType = text.plist.xml; path = Info.plist; sourceTree = "<group>"; };
		340B80901FB84410009421F0 /* UserCenterTableViewCell.h */ = {isa = PBXFileReference; lastKnownFileType = sourcecode.c.h; path = UserCenterTableViewCell.h; sourceTree = "<group>"; };
		340B80911FB84410009421F0 /* UserCenterTableViewCell.m */ = {isa = PBXFileReference; lastKnownFileType = sourcecode.c.objc; path = UserCenterTableViewCell.m; sourceTree = "<group>"; };
		340B80921FB84410009421F0 /* UserCenterTableViewCell.xib */ = {isa = PBXFileReference; lastKnownFileType = file.xib; path = UserCenterTableViewCell.xib; sourceTree = "<group>"; };
		340B80951FB84D7A009421F0 /* AllocDeallocViewController.m */ = {isa = PBXFileReference; fileEncoding = 4; lastKnownFileType = sourcecode.c.objc; path = AllocDeallocViewController.m; sourceTree = "<group>"; };
		340B80961FB84D7B009421F0 /* AllocDeallocViewController.h */ = {isa = PBXFileReference; fileEncoding = 4; lastKnownFileType = sourcecode.c.h; path = AllocDeallocViewController.h; sourceTree = "<group>"; };
		340B80971FB84D7B009421F0 /* BasicViewController.h */ = {isa = PBXFileReference; fileEncoding = 4; lastKnownFileType = sourcecode.c.h; path = BasicViewController.h; sourceTree = "<group>"; };
		340B80981FB84D7B009421F0 /* BasicViewController.m */ = {isa = PBXFileReference; fileEncoding = 4; lastKnownFileType = sourcecode.c.objc; path = BasicViewController.m; sourceTree = "<group>"; };
		340B809B1FB84E35009421F0 /* LogTool.h */ = {isa = PBXFileReference; fileEncoding = 4; lastKnownFileType = sourcecode.c.h; path = LogTool.h; sourceTree = "<group>"; };
		340B809C1FB8533E009421F0 /* SemitrailerUsedCar-Prefix.pch */ = {isa = PBXFileReference; fileEncoding = 4; lastKnownFileType = sourcecode.c.h; path = "SemitrailerUsedCar-Prefix.pch"; sourceTree = "<group>"; };
		34288B101FA76529004C98E9 /* SellCarViewController.h */ = {isa = PBXFileReference; lastKnownFileType = sourcecode.c.h; path = SellCarViewController.h; sourceTree = "<group>"; };
		34288B111FA76529004C98E9 /* SellCarViewController.m */ = {isa = PBXFileReference; lastKnownFileType = sourcecode.c.objc; path = SellCarViewController.m; sourceTree = "<group>"; };
		34288B121FA76529004C98E9 /* SellCarViewController.xib */ = {isa = PBXFileReference; lastKnownFileType = file.xib; path = SellCarViewController.xib; sourceTree = "<group>"; };
		34288B1D1FA7659C004C98E9 /* BuyCarViewController.h */ = {isa = PBXFileReference; lastKnownFileType = sourcecode.c.h; path = BuyCarViewController.h; sourceTree = "<group>"; };
		34288B1E1FA7659C004C98E9 /* BuyCarViewController.m */ = {isa = PBXFileReference; lastKnownFileType = sourcecode.c.objc; path = BuyCarViewController.m; sourceTree = "<group>"; };
		34288B1F1FA7659C004C98E9 /* BuyCarViewController.xib */ = {isa = PBXFileReference; lastKnownFileType = file.xib; path = BuyCarViewController.xib; sourceTree = "<group>"; };
		34288B241FA76741004C98E9 /* EmployViewController.h */ = {isa = PBXFileReference; lastKnownFileType = sourcecode.c.h; path = EmployViewController.h; sourceTree = "<group>"; };
		34288B251FA76741004C98E9 /* EmployViewController.m */ = {isa = PBXFileReference; lastKnownFileType = sourcecode.c.objc; path = EmployViewController.m; sourceTree = "<group>"; };
		34288B261FA76741004C98E9 /* EmployViewController.xib */ = {isa = PBXFileReference; lastKnownFileType = file.xib; path = EmployViewController.xib; sourceTree = "<group>"; };
		34288B2A1FA767D3004C98E9 /* UserCenterViewController.h */ = {isa = PBXFileReference; lastKnownFileType = sourcecode.c.h; path = UserCenterViewController.h; sourceTree = "<group>"; };
		34288B2B1FA767D3004C98E9 /* UserCenterViewController.m */ = {isa = PBXFileReference; lastKnownFileType = sourcecode.c.objc; path = UserCenterViewController.m; sourceTree = "<group>"; };
		34288B2C1FA767D3004C98E9 /* UserCenterViewController.xib */ = {isa = PBXFileReference; lastKnownFileType = file.xib; path = UserCenterViewController.xib; sourceTree = "<group>"; };
		34288B2F1FA76884004C98E9 /* BasicNavigationViewController.h */ = {isa = PBXFileReference; lastKnownFileType = sourcecode.c.h; path = BasicNavigationViewController.h; sourceTree = "<group>"; };
		34288B301FA76884004C98E9 /* BasicNavigationViewController.m */ = {isa = PBXFileReference; lastKnownFileType = sourcecode.c.objc; path = BasicNavigationViewController.m; sourceTree = "<group>"; };
		34288B321FA7693E004C98E9 /* BasicTabbarViewController.h */ = {isa = PBXFileReference; lastKnownFileType = sourcecode.c.h; path = BasicTabbarViewController.h; sourceTree = "<group>"; };
		34288B331FA7693E004C98E9 /* BasicTabbarViewController.m */ = {isa = PBXFileReference; lastKnownFileType = sourcecode.c.objc; path = BasicTabbarViewController.m; sourceTree = "<group>"; };
		34288B3A1FA77049004C98E9 /* UIColor+Extension.h */ = {isa = PBXFileReference; lastKnownFileType = sourcecode.c.h; path = "UIColor+Extension.h"; sourceTree = "<group>"; };
		34288B3B1FA77049004C98E9 /* UIColor+Extension.m */ = {isa = PBXFileReference; lastKnownFileType = sourcecode.c.objc; path = "UIColor+Extension.m"; sourceTree = "<group>"; };
		344E81B81FB9DA5C0061DAB1 /* LoginViewController.h */ = {isa = PBXFileReference; lastKnownFileType = sourcecode.c.h; path = LoginViewController.h; sourceTree = "<group>"; };
		344E81B91FB9DA5C0061DAB1 /* LoginViewController.m */ = {isa = PBXFileReference; lastKnownFileType = sourcecode.c.objc; path = LoginViewController.m; sourceTree = "<group>"; };
		344E81BA1FB9DA5C0061DAB1 /* LoginViewController.xib */ = {isa = PBXFileReference; lastKnownFileType = file.xib; path = LoginViewController.xib; sourceTree = "<group>"; };
		344E81BD1FB9DAEF0061DAB1 /* RegisterViewController.h */ = {isa = PBXFileReference; lastKnownFileType = sourcecode.c.h; path = RegisterViewController.h; sourceTree = "<group>"; };
		344E81BE1FB9DAEF0061DAB1 /* RegisterViewController.m */ = {isa = PBXFileReference; lastKnownFileType = sourcecode.c.objc; path = RegisterViewController.m; sourceTree = "<group>"; };
		344E81BF1FB9DAEF0061DAB1 /* RegisterViewController.xib */ = {isa = PBXFileReference; lastKnownFileType = file.xib; path = RegisterViewController.xib; sourceTree = "<group>"; };
		344E81C21FB9DB090061DAB1 /* ForgetPwViewController.h */ = {isa = PBXFileReference; lastKnownFileType = sourcecode.c.h; path = ForgetPwViewController.h; sourceTree = "<group>"; };
		344E81C31FB9DB090061DAB1 /* ForgetPwViewController.m */ = {isa = PBXFileReference; lastKnownFileType = sourcecode.c.objc; path = ForgetPwViewController.m; sourceTree = "<group>"; };
		344E81C41FB9DB090061DAB1 /* ForgetPwViewController.xib */ = {isa = PBXFileReference; lastKnownFileType = file.xib; path = ForgetPwViewController.xib; sourceTree = "<group>"; };
		344E81C71FB9DB280061DAB1 /* ConfirmPwViewController.h */ = {isa = PBXFileReference; lastKnownFileType = sourcecode.c.h; path = ConfirmPwViewController.h; sourceTree = "<group>"; };
		344E81C81FB9DB280061DAB1 /* ConfirmPwViewController.m */ = {isa = PBXFileReference; lastKnownFileType = sourcecode.c.objc; path = ConfirmPwViewController.m; sourceTree = "<group>"; };
		344E81C91FB9DB280061DAB1 /* ConfirmPwViewController.xib */ = {isa = PBXFileReference; lastKnownFileType = file.xib; path = ConfirmPwViewController.xib; sourceTree = "<group>"; };
		345354C81FA986B7005AC3E3 /* EmployTableViewCell.h */ = {isa = PBXFileReference; lastKnownFileType = sourcecode.c.h; path = EmployTableViewCell.h; sourceTree = "<group>"; };
		345354C91FA986B7005AC3E3 /* EmployTableViewCell.m */ = {isa = PBXFileReference; lastKnownFileType = sourcecode.c.objc; path = EmployTableViewCell.m; sourceTree = "<group>"; };
		345354CA1FA986B7005AC3E3 /* EmployTableViewCell.xib */ = {isa = PBXFileReference; lastKnownFileType = file.xib; path = EmployTableViewCell.xib; sourceTree = "<group>"; };
		345822241FB0BAAF00A00E8F /* SellCarTableViewCell.h */ = {isa = PBXFileReference; lastKnownFileType = sourcecode.c.h; path = SellCarTableViewCell.h; sourceTree = "<group>"; };
		345822251FB0BAAF00A00E8F /* SellCarTableViewCell.m */ = {isa = PBXFileReference; lastKnownFileType = sourcecode.c.objc; path = SellCarTableViewCell.m; sourceTree = "<group>"; };
		345822261FB0BAAF00A00E8F /* SellCarTableViewCell.xib */ = {isa = PBXFileReference; lastKnownFileType = file.xib; path = SellCarTableViewCell.xib; sourceTree = "<group>"; };
		34DD20B61FB40D800080E9C0 /* BuyCarTableViewCell.h */ = {isa = PBXFileReference; lastKnownFileType = sourcecode.c.h; path = BuyCarTableViewCell.h; sourceTree = "<group>"; };
		34DD20B71FB40D800080E9C0 /* BuyCarTableViewCell.m */ = {isa = PBXFileReference; lastKnownFileType = sourcecode.c.objc; path = BuyCarTableViewCell.m; sourceTree = "<group>"; };
		34DD20B81FB40D800080E9C0 /* BuyCarTableViewCell.xib */ = {isa = PBXFileReference; lastKnownFileType = file.xib; path = BuyCarTableViewCell.xib; sourceTree = "<group>"; };
		34E435A31FCAA3C800E46160 /* BasicWebViewController.h */ = {isa = PBXFileReference; lastKnownFileType = sourcecode.c.h; path = BasicWebViewController.h; sourceTree = "<group>"; };
		34E435A41FCAA3C800E46160 /* BasicWebViewController.m */ = {isa = PBXFileReference; lastKnownFileType = sourcecode.c.objc; path = BasicWebViewController.m; sourceTree = "<group>"; };
		34E435A51FCAA3C800E46160 /* BasicWebViewController.xib */ = {isa = PBXFileReference; lastKnownFileType = file.xib; path = BasicWebViewController.xib; sourceTree = "<group>"; };
		34E435A81FCAA62200E46160 /* RechargeRecordListViewController.h */ = {isa = PBXFileReference; lastKnownFileType = sourcecode.c.h; path = RechargeRecordListViewController.h; sourceTree = "<group>"; };
		34E435A91FCAA62200E46160 /* RechargeRecordListViewController.m */ = {isa = PBXFileReference; lastKnownFileType = sourcecode.c.objc; path = RechargeRecordListViewController.m; sourceTree = "<group>"; };
		34E435AA1FCAA62200E46160 /* RechargeRecordListViewController.xib */ = {isa = PBXFileReference; lastKnownFileType = file.xib; path = RechargeRecordListViewController.xib; sourceTree = "<group>"; };
		34E435AD1FCAA83900E46160 /* RechargeRecordListTableViewCell.h */ = {isa = PBXFileReference; lastKnownFileType = sourcecode.c.h; path = RechargeRecordListTableViewCell.h; sourceTree = "<group>"; };
		34E435AE1FCAA83900E46160 /* RechargeRecordListTableViewCell.m */ = {isa = PBXFileReference; lastKnownFileType = sourcecode.c.objc; path = RechargeRecordListTableViewCell.m; sourceTree = "<group>"; };
		34E435AF1FCAA83900E46160 /* RechargeRecordListTableViewCell.xib */ = {isa = PBXFileReference; lastKnownFileType = file.xib; path = RechargeRecordListTableViewCell.xib; sourceTree = "<group>"; };
		34E435B21FCAADD200E46160 /* MyConnectViewController.h */ = {isa = PBXFileReference; lastKnownFileType = sourcecode.c.h; path = MyConnectViewController.h; sourceTree = "<group>"; };
		34E435B31FCAADD200E46160 /* MyConnectViewController.m */ = {isa = PBXFileReference; lastKnownFileType = sourcecode.c.objc; path = MyConnectViewController.m; sourceTree = "<group>"; };
		34E435B41FCAADD200E46160 /* MyConnectViewController.xib */ = {isa = PBXFileReference; lastKnownFileType = file.xib; path = MyConnectViewController.xib; sourceTree = "<group>"; };
		34E435B71FCAAFD200E46160 /* SettingViewController.h */ = {isa = PBXFileReference; lastKnownFileType = sourcecode.c.h; path = SettingViewController.h; sourceTree = "<group>"; };
		34E435B91FCAAFD200E46160 /* SettingViewController.xib */ = {isa = PBXFileReference; lastKnownFileType = file.xib; path = SettingViewController.xib; sourceTree = "<group>"; };
		34E435BC1FCAB2AC00E46160 /* SettingViewController.m */ = {isa = PBXFileReference; fileEncoding = 4; lastKnownFileType = sourcecode.c.objc; path = SettingViewController.m; sourceTree = "<group>"; };
		8A0FFD972ED05AABE3E9C3E5 /* Pods-SemitrailerUsedCar.debug.xcconfig */ = {isa = PBXFileReference; includeInIndex = 1; lastKnownFileType = text.xcconfig; name = "Pods-SemitrailerUsedCar.debug.xcconfig"; path = "Pods/Target Support Files/Pods-SemitrailerUsedCar/Pods-SemitrailerUsedCar.debug.xcconfig"; sourceTree = "<group>"; };
		BD237B74EE25B014D2E9E9CB /* libPods-SemitrailerUsedCar.a */ = {isa = PBXFileReference; explicitFileType = archive.ar; includeInIndex = 0; path = "libPods-SemitrailerUsedCar.a"; sourceTree = BUILT_PRODUCTS_DIR; };
		D264DC12C1C9608CCF435EDC /* Pods-SemitrailerUsedCar.release.xcconfig */ = {isa = PBXFileReference; includeInIndex = 1; lastKnownFileType = text.xcconfig; name = "Pods-SemitrailerUsedCar.release.xcconfig"; path = "Pods/Target Support Files/Pods-SemitrailerUsedCar/Pods-SemitrailerUsedCar.release.xcconfig"; sourceTree = "<group>"; };
/* End PBXFileReference section */

/* Begin PBXFrameworksBuildPhase section */
		3402102E1FA6E13300193AF8 /* Frameworks */ = {
			isa = PBXFrameworksBuildPhase;
			buildActionMask = 2147483647;
			files = (
				6AC84DFBAD82EE6AE29DDC48 /* libPods-SemitrailerUsedCar.a in Frameworks */,
			);
			runOnlyForDeploymentPostprocessing = 0;
		};
		340210461FA6E13300193AF8 /* Frameworks */ = {
			isa = PBXFrameworksBuildPhase;
			buildActionMask = 2147483647;
			files = (
			);
			runOnlyForDeploymentPostprocessing = 0;
		};
		340210511FA6E13300193AF8 /* Frameworks */ = {
			isa = PBXFrameworksBuildPhase;
			buildActionMask = 2147483647;
			files = (
			);
			runOnlyForDeploymentPostprocessing = 0;
		};
/* End PBXFrameworksBuildPhase section */

/* Begin PBXGroup section */
		340210281FA6E13300193AF8 = {
			isa = PBXGroup;
			children = (
				340210331FA6E13300193AF8 /* SemitrailerUsedCar */,
				3402104C1FA6E13300193AF8 /* SemitrailerUsedCarTests */,
				340210571FA6E13300193AF8 /* SemitrailerUsedCarUITests */,
				340210321FA6E13300193AF8 /* Products */,
				39BF0E16F428DBEF1FDF7030 /* Pods */,
				BE2BA668EAD7B7F5B4B135FD /* Frameworks */,
			);
			sourceTree = "<group>";
		};
		340210321FA6E13300193AF8 /* Products */ = {
			isa = PBXGroup;
			children = (
				340210311FA6E13300193AF8 /* SemitrailerUsedCar.app */,
				340210491FA6E13300193AF8 /* SemitrailerUsedCarTests.xctest */,
				340210541FA6E13300193AF8 /* SemitrailerUsedCarUITests.xctest */,
			);
			name = Products;
			sourceTree = "<group>";
		};
		340210331FA6E13300193AF8 /* SemitrailerUsedCar */ = {
			isa = PBXGroup;
			children = (
				34288B351FA77049004C98E9 /* Category */,
				344E81B41FB9D8CE0061DAB1 /* Login */,
				34288B291FA76768004C98E9 /* UserCenter */,
				34288B231FA765BB004C98E9 /* Employ */,
				34288B1C1FA76580004C98E9 /* BuyCar */,
				34288B0E1FA764EB004C98E9 /* SellCar */,
				34288B091FA763FA004C98E9 /* Base */,
				340210341FA6E13300193AF8 /* AppDelegate.h */,
				340210351FA6E13300193AF8 /* AppDelegate.m */,
				340210371FA6E13300193AF8 /* ViewController.h */,
				340210381FA6E13300193AF8 /* ViewController.m */,
				340B809C1FB8533E009421F0 /* SemitrailerUsedCar-Prefix.pch */,
				3402103A1FA6E13300193AF8 /* Main.storyboard */,
				3402103D1FA6E13300193AF8 /* Assets.xcassets */,
				3402103F1FA6E13300193AF8 /* LaunchScreen.storyboard */,
				340210421FA6E13300193AF8 /* Info.plist */,
				340210431FA6E13300193AF8 /* main.m */,
			);
			path = SemitrailerUsedCar;
			sourceTree = "<group>";
		};
		3402104C1FA6E13300193AF8 /* SemitrailerUsedCarTests */ = {
			isa = PBXGroup;
			children = (
				3402104D1FA6E13300193AF8 /* SemitrailerUsedCarTests.m */,
				3402104F1FA6E13300193AF8 /* Info.plist */,
			);
			path = SemitrailerUsedCarTests;
			sourceTree = "<group>";
		};
		340210571FA6E13300193AF8 /* SemitrailerUsedCarUITests */ = {
			isa = PBXGroup;
			children = (
				340210581FA6E13300193AF8 /* SemitrailerUsedCarUITests.m */,
				3402105A1FA6E13300193AF8 /* Info.plist */,
			);
			path = SemitrailerUsedCarUITests;
			sourceTree = "<group>";
		};
		340B808F1FB843F9009421F0 /* View */ = {
			isa = PBXGroup;
			children = (
				340B80901FB84410009421F0 /* UserCenterTableViewCell.h */,
				340B80911FB84410009421F0 /* UserCenterTableViewCell.m */,
				340B80921FB84410009421F0 /* UserCenterTableViewCell.xib */,
				34E435AD1FCAA83900E46160 /* RechargeRecordListTableViewCell.h */,
				34E435AE1FCAA83900E46160 /* RechargeRecordListTableViewCell.m */,
				34E435AF1FCAA83900E46160 /* RechargeRecordListTableViewCell.xib */,
			);
			path = View;
			sourceTree = "<group>";
		};
		34288B091FA763FA004C98E9 /* Base */ = {
			isa = PBXGroup;
			children = (
				340B809B1FB84E35009421F0 /* LogTool.h */,
				340B80961FB84D7B009421F0 /* AllocDeallocViewController.h */,
				340B80951FB84D7A009421F0 /* AllocDeallocViewController.m */,
				340B80971FB84D7B009421F0 /* BasicViewController.h */,
				340B80981FB84D7B009421F0 /* BasicViewController.m */,
				34288B2F1FA76884004C98E9 /* BasicNavigationViewController.h */,
				34288B301FA76884004C98E9 /* BasicNavigationViewController.m */,
				34288B321FA7693E004C98E9 /* BasicTabbarViewController.h */,
				34288B331FA7693E004C98E9 /* BasicTabbarViewController.m */,
				34E435A31FCAA3C800E46160 /* BasicWebViewController.h */,
				34E435A41FCAA3C800E46160 /* BasicWebViewController.m */,
				34E435A51FCAA3C800E46160 /* BasicWebViewController.xib */,
			);
			path = Base;
			sourceTree = "<group>";
		};
		34288B0E1FA764EB004C98E9 /* SellCar */ = {
			isa = PBXGroup;
			children = (
				345822231FB0BA9500A00E8F /* Views */,
				34288B101FA76529004C98E9 /* SellCarViewController.h */,
				34288B111FA76529004C98E9 /* SellCarViewController.m */,
				34288B121FA76529004C98E9 /* SellCarViewController.xib */,
			);
			path = SellCar;
			sourceTree = "<group>";
		};
		34288B1C1FA76580004C98E9 /* BuyCar */ = {
			isa = PBXGroup;
			children = (
				3458221D1FB0AB7700A00E8F /* View */,
				34288B1D1FA7659C004C98E9 /* BuyCarViewController.h */,
				34288B1E1FA7659C004C98E9 /* BuyCarViewController.m */,
				34288B1F1FA7659C004C98E9 /* BuyCarViewController.xib */,
			);
			path = BuyCar;
			sourceTree = "<group>";
		};
		34288B231FA765BB004C98E9 /* Employ */ = {
			isa = PBXGroup;
			children = (
				345354C71FA98693005AC3E3 /* View */,
				34288B241FA76741004C98E9 /* EmployViewController.h */,
				34288B251FA76741004C98E9 /* EmployViewController.m */,
				34288B261FA76741004C98E9 /* EmployViewController.xib */,
			);
			path = Employ;
			sourceTree = "<group>";
		};
		34288B291FA76768004C98E9 /* UserCenter */ = {
			isa = PBXGroup;
			children = (
				340B808F1FB843F9009421F0 /* View */,
				34288B2A1FA767D3004C98E9 /* UserCenterViewController.h */,
				34288B2B1FA767D3004C98E9 /* UserCenterViewController.m */,
				34288B2C1FA767D3004C98E9 /* UserCenterViewController.xib */,
				34E435A81FCAA62200E46160 /* RechargeRecordListViewController.h */,
				34E435A91FCAA62200E46160 /* RechargeRecordListViewController.m */,
				34E435AA1FCAA62200E46160 /* RechargeRecordListViewController.xib */,
				34E435B21FCAADD200E46160 /* MyConnectViewController.h */,
				34E435B31FCAADD200E46160 /* MyConnectViewController.m */,
				34E435B41FCAADD200E46160 /* MyConnectViewController.xib */,
				34E435B71FCAAFD200E46160 /* SettingViewController.h */,
				34E435BC1FCAB2AC00E46160 /* SettingViewController.m */,
				34E435B91FCAAFD200E46160 /* SettingViewController.xib */,
			);
			path = UserCenter;
			sourceTree = "<group>";
		};
		34288B351FA77049004C98E9 /* Category */ = {
			isa = PBXGroup;
			children = (
				34288B3A1FA77049004C98E9 /* UIColor+Extension.h */,
				34288B3B1FA77049004C98E9 /* UIColor+Extension.m */,
			);
			path = Category;
			sourceTree = "<group>";
		};
		344E81B41FB9D8CE0061DAB1 /* Login */ = {
			isa = PBXGroup;
			children = (
				344E81B71FB9D8EE0061DAB1 /* Controller */,
				344E81B61FB9D8E60061DAB1 /* Model */,
				344E81B51FB9D8DF0061DAB1 /* View */,
			);
			path = Login;
			sourceTree = "<group>";
		};
		344E81B51FB9D8DF0061DAB1 /* View */ = {
			isa = PBXGroup;
			children = (
			);
			path = View;
			sourceTree = "<group>";
		};
		344E81B61FB9D8E60061DAB1 /* Model */ = {
			isa = PBXGroup;
			children = (
			);
			path = Model;
			sourceTree = "<group>";
		};
		344E81B71FB9D8EE0061DAB1 /* Controller */ = {
			isa = PBXGroup;
			children = (
				344E81B81FB9DA5C0061DAB1 /* LoginViewController.h */,
				344E81B91FB9DA5C0061DAB1 /* LoginViewController.m */,
				344E81BA1FB9DA5C0061DAB1 /* LoginViewController.xib */,
				344E81BD1FB9DAEF0061DAB1 /* RegisterViewController.h */,
				344E81BE1FB9DAEF0061DAB1 /* RegisterViewController.m */,
				344E81BF1FB9DAEF0061DAB1 /* RegisterViewController.xib */,
				344E81C21FB9DB090061DAB1 /* ForgetPwViewController.h */,
				344E81C31FB9DB090061DAB1 /* ForgetPwViewController.m */,
				344E81C41FB9DB090061DAB1 /* ForgetPwViewController.xib */,
				344E81C71FB9DB280061DAB1 /* ConfirmPwViewController.h */,
				344E81C81FB9DB280061DAB1 /* ConfirmPwViewController.m */,
				344E81C91FB9DB280061DAB1 /* ConfirmPwViewController.xib */,
			);
			path = Controller;
			sourceTree = "<group>";
		};
		345354C71FA98693005AC3E3 /* View */ = {
			isa = PBXGroup;
			children = (
				345354C81FA986B7005AC3E3 /* EmployTableViewCell.h */,
				345354C91FA986B7005AC3E3 /* EmployTableViewCell.m */,
				345354CA1FA986B7005AC3E3 /* EmployTableViewCell.xib */,
			);
			path = View;
			sourceTree = "<group>";
		};
		3458221D1FB0AB7700A00E8F /* View */ = {
			isa = PBXGroup;
			children = (
				34DD20B61FB40D800080E9C0 /* BuyCarTableViewCell.h */,
				34DD20B71FB40D800080E9C0 /* BuyCarTableViewCell.m */,
				34DD20B81FB40D800080E9C0 /* BuyCarTableViewCell.xib */,
			);
			path = View;
			sourceTree = "<group>";
		};
		345822231FB0BA9500A00E8F /* Views */ = {
			isa = PBXGroup;
			children = (
				345822241FB0BAAF00A00E8F /* SellCarTableViewCell.h */,
				345822251FB0BAAF00A00E8F /* SellCarTableViewCell.m */,
				345822261FB0BAAF00A00E8F /* SellCarTableViewCell.xib */,
			);
			path = Views;
			sourceTree = "<group>";
		};
		39BF0E16F428DBEF1FDF7030 /* Pods */ = {
			isa = PBXGroup;
			children = (
				8A0FFD972ED05AABE3E9C3E5 /* Pods-SemitrailerUsedCar.debug.xcconfig */,
				D264DC12C1C9608CCF435EDC /* Pods-SemitrailerUsedCar.release.xcconfig */,
			);
			name = Pods;
			sourceTree = "<group>";
		};
		BE2BA668EAD7B7F5B4B135FD /* Frameworks */ = {
			isa = PBXGroup;
			children = (
				BD237B74EE25B014D2E9E9CB /* libPods-SemitrailerUsedCar.a */,
			);
			name = Frameworks;
			sourceTree = "<group>";
		};
/* End PBXGroup section */

/* Begin PBXNativeTarget section */
		340210301FA6E13300193AF8 /* SemitrailerUsedCar */ = {
			isa = PBXNativeTarget;
			buildConfigurationList = 3402105D1FA6E13300193AF8 /* Build configuration list for PBXNativeTarget "SemitrailerUsedCar" */;
			buildPhases = (
				FEAE1052A183C954646F2631 /* [CP] Check Pods Manifest.lock */,
				3402102D1FA6E13300193AF8 /* Sources */,
				3402102E1FA6E13300193AF8 /* Frameworks */,
				3402102F1FA6E13300193AF8 /* Resources */,
				560EDC814B69EAEE259D0918 /* [CP] Embed Pods Frameworks */,
				1A579BC3F2D345329BDA0AF2 /* [CP] Copy Pods Resources */,
			);
			buildRules = (
			);
			dependencies = (
			);
			name = SemitrailerUsedCar;
			productName = SemitrailerUsedCar;
			productReference = 340210311FA6E13300193AF8 /* SemitrailerUsedCar.app */;
			productType = "com.apple.product-type.application";
		};
		340210481FA6E13300193AF8 /* SemitrailerUsedCarTests */ = {
			isa = PBXNativeTarget;
			buildConfigurationList = 340210601FA6E13300193AF8 /* Build configuration list for PBXNativeTarget "SemitrailerUsedCarTests" */;
			buildPhases = (
				340210451FA6E13300193AF8 /* Sources */,
				340210461FA6E13300193AF8 /* Frameworks */,
				340210471FA6E13300193AF8 /* Resources */,
			);
			buildRules = (
			);
			dependencies = (
				3402104B1FA6E13300193AF8 /* PBXTargetDependency */,
			);
			name = SemitrailerUsedCarTests;
			productName = SemitrailerUsedCarTests;
			productReference = 340210491FA6E13300193AF8 /* SemitrailerUsedCarTests.xctest */;
			productType = "com.apple.product-type.bundle.unit-test";
		};
		340210531FA6E13300193AF8 /* SemitrailerUsedCarUITests */ = {
			isa = PBXNativeTarget;
			buildConfigurationList = 340210631FA6E13300193AF8 /* Build configuration list for PBXNativeTarget "SemitrailerUsedCarUITests" */;
			buildPhases = (
				340210501FA6E13300193AF8 /* Sources */,
				340210511FA6E13300193AF8 /* Frameworks */,
				340210521FA6E13300193AF8 /* Resources */,
			);
			buildRules = (
			);
			dependencies = (
				340210561FA6E13300193AF8 /* PBXTargetDependency */,
			);
			name = SemitrailerUsedCarUITests;
			productName = SemitrailerUsedCarUITests;
			productReference = 340210541FA6E13300193AF8 /* SemitrailerUsedCarUITests.xctest */;
			productType = "com.apple.product-type.bundle.ui-testing";
		};
/* End PBXNativeTarget section */

/* Begin PBXProject section */
		340210291FA6E13300193AF8 /* Project object */ = {
			isa = PBXProject;
			attributes = {
				LastUpgradeCheck = 0900;
				ORGANIZATIONNAME = zhiming9;
				TargetAttributes = {
					340210301FA6E13300193AF8 = {
						CreatedOnToolsVersion = 9.0;
						ProvisioningStyle = Automatic;
					};
					340210481FA6E13300193AF8 = {
						CreatedOnToolsVersion = 9.0;
						ProvisioningStyle = Automatic;
						TestTargetID = 340210301FA6E13300193AF8;
					};
					340210531FA6E13300193AF8 = {
						CreatedOnToolsVersion = 9.0;
						ProvisioningStyle = Automatic;
						TestTargetID = 340210301FA6E13300193AF8;
					};
				};
			};
			buildConfigurationList = 3402102C1FA6E13300193AF8 /* Build configuration list for PBXProject "SemitrailerUsedCar" */;
			compatibilityVersion = "Xcode 8.0";
			developmentRegion = en;
			hasScannedForEncodings = 0;
			knownRegions = (
				en,
				Base,
			);
			mainGroup = 340210281FA6E13300193AF8;
			productRefGroup = 340210321FA6E13300193AF8 /* Products */;
			projectDirPath = "";
			projectRoot = "";
			targets = (
				340210301FA6E13300193AF8 /* SemitrailerUsedCar */,
				340210481FA6E13300193AF8 /* SemitrailerUsedCarTests */,
				340210531FA6E13300193AF8 /* SemitrailerUsedCarUITests */,
			);
		};
/* End PBXProject section */

/* Begin PBXResourcesBuildPhase section */
		3402102F1FA6E13300193AF8 /* Resources */ = {
			isa = PBXResourcesBuildPhase;
			buildActionMask = 2147483647;
			files = (
				34E435AC1FCAA62200E46160 /* RechargeRecordListViewController.xib in Resources */,
				340210411FA6E13300193AF8 /* LaunchScreen.storyboard in Resources */,
				344E81C11FB9DAEF0061DAB1 /* RegisterViewController.xib in Resources */,
				345354CC1FA986B7005AC3E3 /* EmployTableViewCell.xib in Resources */,
				3402103E1FA6E13300193AF8 /* Assets.xcassets in Resources */,
				340B80941FB84410009421F0 /* UserCenterTableViewCell.xib in Resources */,
				3402103C1FA6E13300193AF8 /* Main.storyboard in Resources */,
				34288B211FA7659C004C98E9 /* BuyCarViewController.xib in Resources */,
				34288B2E1FA767D3004C98E9 /* UserCenterViewController.xib in Resources */,
				344E81CB1FB9DB280061DAB1 /* ConfirmPwViewController.xib in Resources */,
				34E435B61FCAADD200E46160 /* MyConnectViewController.xib in Resources */,
				34E435BB1FCAAFD200E46160 /* SettingViewController.xib in Resources */,
				344E81C61FB9DB090061DAB1 /* ForgetPwViewController.xib in Resources */,
				34E435A71FCAA3C800E46160 /* BasicWebViewController.xib in Resources */,
				345822281FB0BAAF00A00E8F /* SellCarTableViewCell.xib in Resources */,
				34E435B11FCAA83900E46160 /* RechargeRecordListTableViewCell.xib in Resources */,
				344E81BC1FB9DA5C0061DAB1 /* LoginViewController.xib in Resources */,
				34DD20BA1FB40D800080E9C0 /* BuyCarTableViewCell.xib in Resources */,
				34288B281FA76741004C98E9 /* EmployViewController.xib in Resources */,
				34288B141FA76529004C98E9 /* SellCarViewController.xib in Resources */,
			);
			runOnlyForDeploymentPostprocessing = 0;
		};
		340210471FA6E13300193AF8 /* Resources */ = {
			isa = PBXResourcesBuildPhase;
			buildActionMask = 2147483647;
			files = (
			);
			runOnlyForDeploymentPostprocessing = 0;
		};
		340210521FA6E13300193AF8 /* Resources */ = {
			isa = PBXResourcesBuildPhase;
			buildActionMask = 2147483647;
			files = (
			);
			runOnlyForDeploymentPostprocessing = 0;
		};
/* End PBXResourcesBuildPhase section */

/* Begin PBXShellScriptBuildPhase section */
		1A579BC3F2D345329BDA0AF2 /* [CP] Copy Pods Resources */ = {
			isa = PBXShellScriptBuildPhase;
			buildActionMask = 2147483647;
			files = (
			);
			inputPaths = (
			);
			name = "[CP] Copy Pods Resources";
			outputPaths = (
			);
			runOnlyForDeploymentPostprocessing = 0;
			shellPath = /bin/sh;
			shellScript = "\"${SRCROOT}/Pods/Target Support Files/Pods-SemitrailerUsedCar/Pods-SemitrailerUsedCar-resources.sh\"\n";
			showEnvVarsInLog = 0;
		};
		560EDC814B69EAEE259D0918 /* [CP] Embed Pods Frameworks */ = {
			isa = PBXShellScriptBuildPhase;
			buildActionMask = 2147483647;
			files = (
			);
			inputPaths = (
			);
			name = "[CP] Embed Pods Frameworks";
			outputPaths = (
			);
			runOnlyForDeploymentPostprocessing = 0;
			shellPath = /bin/sh;
			shellScript = "\"${SRCROOT}/Pods/Target Support Files/Pods-SemitrailerUsedCar/Pods-SemitrailerUsedCar-frameworks.sh\"\n";
			showEnvVarsInLog = 0;
		};
		FEAE1052A183C954646F2631 /* [CP] Check Pods Manifest.lock */ = {
			isa = PBXShellScriptBuildPhase;
			buildActionMask = 2147483647;
			files = (
			);
			inputPaths = (
				"${PODS_PODFILE_DIR_PATH}/Podfile.lock",
				"${PODS_ROOT}/Manifest.lock",
			);
			name = "[CP] Check Pods Manifest.lock";
			outputPaths = (
				"$(DERIVED_FILE_DIR)/Pods-SemitrailerUsedCar-checkManifestLockResult.txt",
			);
			runOnlyForDeploymentPostprocessing = 0;
			shellPath = /bin/sh;
			shellScript = "diff \"${PODS_PODFILE_DIR_PATH}/Podfile.lock\" \"${PODS_ROOT}/Manifest.lock\" > /dev/null\nif [ $? != 0 ] ; then\n    # print error to STDERR\n    echo \"error: The sandbox is not in sync with the Podfile.lock. Run 'pod install' or update your CocoaPods installation.\" >&2\n    exit 1\nfi\n# This output is used by Xcode 'outputs' to avoid re-running this script phase.\necho \"SUCCESS\" > \"${SCRIPT_OUTPUT_FILE_0}\"\n";
			showEnvVarsInLog = 0;
		};
/* End PBXShellScriptBuildPhase section */

/* Begin PBXSourcesBuildPhase section */
		3402102D1FA6E13300193AF8 /* Sources */ = {
			isa = PBXSourcesBuildPhase;
			buildActionMask = 2147483647;
			files = (
				34E435B01FCAA83900E46160 /* RechargeRecordListTableViewCell.m in Sources */,
				34288B341FA7693E004C98E9 /* BasicTabbarViewController.m in Sources */,
				340B809A1FB84D7B009421F0 /* BasicViewController.m in Sources */,
				34E435B51FCAADD200E46160 /* MyConnectViewController.m in Sources */,
				34288B201FA7659C004C98E9 /* BuyCarViewController.m in Sources */,
				345822271FB0BAAF00A00E8F /* SellCarTableViewCell.m in Sources */,
				34288B271FA76741004C98E9 /* EmployViewController.m in Sources */,
				340210391FA6E13300193AF8 /* ViewController.m in Sources */,
				34DD20B91FB40D800080E9C0 /* BuyCarTableViewCell.m in Sources */,
				344E81BB1FB9DA5C0061DAB1 /* LoginViewController.m in Sources */,
				34E435A61FCAA3C800E46160 /* BasicWebViewController.m in Sources */,
				344E81CA1FB9DB280061DAB1 /* ConfirmPwViewController.m in Sources */,
				344E81C51FB9DB090061DAB1 /* ForgetPwViewController.m in Sources */,
				340210441FA6E13300193AF8 /* main.m in Sources */,
				34E435BD1FCAB2AD00E46160 /* SettingViewController.m in Sources */,
				34288B421FA77147004C98E9 /* UIColor+Extension.m in Sources */,
				34288B2D1FA767D3004C98E9 /* UserCenterViewController.m in Sources */,
				340B80931FB84410009421F0 /* UserCenterTableViewCell.m in Sources */,
				340B80991FB84D7B009421F0 /* AllocDeallocViewController.m in Sources */,
				344E81C01FB9DAEF0061DAB1 /* RegisterViewController.m in Sources */,
				345354CB1FA986B7005AC3E3 /* EmployTableViewCell.m in Sources */,
				34288B131FA76529004C98E9 /* SellCarViewController.m in Sources */,
				340210361FA6E13300193AF8 /* AppDelegate.m in Sources */,
				34E435AB1FCAA62200E46160 /* RechargeRecordListViewController.m in Sources */,
				34288B311FA76884004C98E9 /* BasicNavigationViewController.m in Sources */,
			);
			runOnlyForDeploymentPostprocessing = 0;
		};
		340210451FA6E13300193AF8 /* Sources */ = {
			isa = PBXSourcesBuildPhase;
			buildActionMask = 2147483647;
			files = (
				3402104E1FA6E13300193AF8 /* SemitrailerUsedCarTests.m in Sources */,
			);
			runOnlyForDeploymentPostprocessing = 0;
		};
		340210501FA6E13300193AF8 /* Sources */ = {
			isa = PBXSourcesBuildPhase;
			buildActionMask = 2147483647;
			files = (
				340210591FA6E13300193AF8 /* SemitrailerUsedCarUITests.m in Sources */,
			);
			runOnlyForDeploymentPostprocessing = 0;
		};
/* End PBXSourcesBuildPhase section */

/* Begin PBXTargetDependency section */
		3402104B1FA6E13300193AF8 /* PBXTargetDependency */ = {
			isa = PBXTargetDependency;
			target = 340210301FA6E13300193AF8 /* SemitrailerUsedCar */;
			targetProxy = 3402104A1FA6E13300193AF8 /* PBXContainerItemProxy */;
		};
		340210561FA6E13300193AF8 /* PBXTargetDependency */ = {
			isa = PBXTargetDependency;
			target = 340210301FA6E13300193AF8 /* SemitrailerUsedCar */;
			targetProxy = 340210551FA6E13300193AF8 /* PBXContainerItemProxy */;
		};
/* End PBXTargetDependency section */

/* Begin PBXVariantGroup section */
		3402103A1FA6E13300193AF8 /* Main.storyboard */ = {
			isa = PBXVariantGroup;
			children = (
				3402103B1FA6E13300193AF8 /* Base */,
			);
			name = Main.storyboard;
			sourceTree = "<group>";
		};
		3402103F1FA6E13300193AF8 /* LaunchScreen.storyboard */ = {
			isa = PBXVariantGroup;
			children = (
				340210401FA6E13300193AF8 /* Base */,
			);
			name = LaunchScreen.storyboard;
			sourceTree = "<group>";
		};
/* End PBXVariantGroup section */

/* Begin XCBuildConfiguration section */
		3402105B1FA6E13300193AF8 /* Debug */ = {
			isa = XCBuildConfiguration;
			buildSettings = {
				ALWAYS_SEARCH_USER_PATHS = NO;
				CLANG_ANALYZER_NONNULL = YES;
				CLANG_ANALYZER_NUMBER_OBJECT_CONVERSION = YES_AGGRESSIVE;
				CLANG_CXX_LANGUAGE_STANDARD = "gnu++14";
				CLANG_CXX_LIBRARY = "libc++";
				CLANG_ENABLE_MODULES = YES;
				CLANG_ENABLE_OBJC_ARC = YES;
				CLANG_WARN_BLOCK_CAPTURE_AUTORELEASING = YES;
				CLANG_WARN_BOOL_CONVERSION = YES;
				CLANG_WARN_COMMA = YES;
				CLANG_WARN_CONSTANT_CONVERSION = YES;
				CLANG_WARN_DIRECT_OBJC_ISA_USAGE = YES_ERROR;
				CLANG_WARN_DOCUMENTATION_COMMENTS = YES;
				CLANG_WARN_EMPTY_BODY = YES;
				CLANG_WARN_ENUM_CONVERSION = YES;
				CLANG_WARN_INFINITE_RECURSION = YES;
				CLANG_WARN_INT_CONVERSION = YES;
				CLANG_WARN_NON_LITERAL_NULL_CONVERSION = YES;
				CLANG_WARN_OBJC_LITERAL_CONVERSION = YES;
				CLANG_WARN_OBJC_ROOT_CLASS = YES_ERROR;
				CLANG_WARN_RANGE_LOOP_ANALYSIS = YES;
				CLANG_WARN_STRICT_PROTOTYPES = YES;
				CLANG_WARN_SUSPICIOUS_MOVE = YES;
				CLANG_WARN_UNGUARDED_AVAILABILITY = YES_AGGRESSIVE;
				CLANG_WARN_UNREACHABLE_CODE = YES;
				CLANG_WARN__DUPLICATE_METHOD_MATCH = YES;
				CODE_SIGN_IDENTITY = "iPhone Developer";
				COPY_PHASE_STRIP = NO;
				DEBUG_INFORMATION_FORMAT = dwarf;
				ENABLE_STRICT_OBJC_MSGSEND = YES;
				ENABLE_TESTABILITY = YES;
				GCC_C_LANGUAGE_STANDARD = gnu11;
				GCC_DYNAMIC_NO_PIC = NO;
				GCC_NO_COMMON_BLOCKS = YES;
				GCC_OPTIMIZATION_LEVEL = 0;
				GCC_PREPROCESSOR_DEFINITIONS = (
					"DEBUG=1",
					"$(inherited)",
				);
				GCC_WARN_64_TO_32_BIT_CONVERSION = YES;
				GCC_WARN_ABOUT_RETURN_TYPE = YES_ERROR;
				GCC_WARN_UNDECLARED_SELECTOR = YES;
				GCC_WARN_UNINITIALIZED_AUTOS = YES_AGGRESSIVE;
				GCC_WARN_UNUSED_FUNCTION = YES;
				GCC_WARN_UNUSED_VARIABLE = YES;
				IPHONEOS_DEPLOYMENT_TARGET = 11.0;
				MTL_ENABLE_DEBUG_INFO = YES;
				ONLY_ACTIVE_ARCH = YES;
				SDKROOT = iphoneos;
			};
			name = Debug;
		};
		3402105C1FA6E13300193AF8 /* Release */ = {
			isa = XCBuildConfiguration;
			buildSettings = {
				ALWAYS_SEARCH_USER_PATHS = NO;
				CLANG_ANALYZER_NONNULL = YES;
				CLANG_ANALYZER_NUMBER_OBJECT_CONVERSION = YES_AGGRESSIVE;
				CLANG_CXX_LANGUAGE_STANDARD = "gnu++14";
				CLANG_CXX_LIBRARY = "libc++";
				CLANG_ENABLE_MODULES = YES;
				CLANG_ENABLE_OBJC_ARC = YES;
				CLANG_WARN_BLOCK_CAPTURE_AUTORELEASING = YES;
				CLANG_WARN_BOOL_CONVERSION = YES;
				CLANG_WARN_COMMA = YES;
				CLANG_WARN_CONSTANT_CONVERSION = YES;
				CLANG_WARN_DIRECT_OBJC_ISA_USAGE = YES_ERROR;
				CLANG_WARN_DOCUMENTATION_COMMENTS = YES;
				CLANG_WARN_EMPTY_BODY = YES;
				CLANG_WARN_ENUM_CONVERSION = YES;
				CLANG_WARN_INFINITE_RECURSION = YES;
				CLANG_WARN_INT_CONVERSION = YES;
				CLANG_WARN_NON_LITERAL_NULL_CONVERSION = YES;
				CLANG_WARN_OBJC_LITERAL_CONVERSION = YES;
				CLANG_WARN_OBJC_ROOT_CLASS = YES_ERROR;
				CLANG_WARN_RANGE_LOOP_ANALYSIS = YES;
				CLANG_WARN_STRICT_PROTOTYPES = YES;
				CLANG_WARN_SUSPICIOUS_MOVE = YES;
				CLANG_WARN_UNGUARDED_AVAILABILITY = YES_AGGRESSIVE;
				CLANG_WARN_UNREACHABLE_CODE = YES;
				CLANG_WARN__DUPLICATE_METHOD_MATCH = YES;
				CODE_SIGN_IDENTITY = "iPhone Developer";
				COPY_PHASE_STRIP = NO;
				DEBUG_INFORMATION_FORMAT = "dwarf-with-dsym";
				ENABLE_NS_ASSERTIONS = NO;
				ENABLE_STRICT_OBJC_MSGSEND = YES;
				GCC_C_LANGUAGE_STANDARD = gnu11;
				GCC_NO_COMMON_BLOCKS = YES;
				GCC_WARN_64_TO_32_BIT_CONVERSION = YES;
				GCC_WARN_ABOUT_RETURN_TYPE = YES_ERROR;
				GCC_WARN_UNDECLARED_SELECTOR = YES;
				GCC_WARN_UNINITIALIZED_AUTOS = YES_AGGRESSIVE;
				GCC_WARN_UNUSED_FUNCTION = YES;
				GCC_WARN_UNUSED_VARIABLE = YES;
				IPHONEOS_DEPLOYMENT_TARGET = 11.0;
				MTL_ENABLE_DEBUG_INFO = NO;
				SDKROOT = iphoneos;
				VALIDATE_PRODUCT = YES;
			};
			name = Release;
		};
		3402105E1FA6E13300193AF8 /* Debug */ = {
			isa = XCBuildConfiguration;
			baseConfigurationReference = 8A0FFD972ED05AABE3E9C3E5 /* Pods-SemitrailerUsedCar.debug.xcconfig */;
			buildSettings = {
				ASSETCATALOG_COMPILER_APPICON_NAME = AppIcon;
				CODE_SIGN_STYLE = Automatic;
				GCC_PREFIX_HEADER = "SemitrailerUsedCar/SemitrailerUsedCar-Prefix.pch";
				INFOPLIST_FILE = SemitrailerUsedCar/Info.plist;
				IPHONEOS_DEPLOYMENT_TARGET = 8.0;
				LD_RUNPATH_SEARCH_PATHS = "$(inherited) @executable_path/Frameworks";
				PRODUCT_BUNDLE_IDENTIFIER = SZM.SemitrailerUsedCar;
				PRODUCT_NAME = "$(TARGET_NAME)";
				TARGETED_DEVICE_FAMILY = "1,2";
			};
			name = Debug;
		};
		3402105F1FA6E13300193AF8 /* Release */ = {
			isa = XCBuildConfiguration;
			baseConfigurationReference = D264DC12C1C9608CCF435EDC /* Pods-SemitrailerUsedCar.release.xcconfig */;
			buildSettings = {
				ASSETCATALOG_COMPILER_APPICON_NAME = AppIcon;
				CODE_SIGN_STYLE = Automatic;
				GCC_PREFIX_HEADER = "SemitrailerUsedCar/SemitrailerUsedCar-Prefix.pch";
				INFOPLIST_FILE = SemitrailerUsedCar/Info.plist;
				IPHONEOS_DEPLOYMENT_TARGET = 8.0;
				LD_RUNPATH_SEARCH_PATHS = "$(inherited) @executable_path/Frameworks";
				PRODUCT_BUNDLE_IDENTIFIER = SZM.SemitrailerUsedCar;
				PRODUCT_NAME = "$(TARGET_NAME)";
				TARGETED_DEVICE_FAMILY = "1,2";
			};
			name = Release;
		};
		340210611FA6E13300193AF8 /* Debug */ = {
			isa = XCBuildConfiguration;
			buildSettings = {
				BUNDLE_LOADER = "$(TEST_HOST)";
				CODE_SIGN_STYLE = Automatic;
				INFOPLIST_FILE = SemitrailerUsedCarTests/Info.plist;
				LD_RUNPATH_SEARCH_PATHS = "$(inherited) @executable_path/Frameworks @loader_path/Frameworks";
				PRODUCT_BUNDLE_IDENTIFIER = SZM.SemitrailerUsedCarTests;
				PRODUCT_NAME = "$(TARGET_NAME)";
				TARGETED_DEVICE_FAMILY = "1,2";
				TEST_HOST = "$(BUILT_PRODUCTS_DIR)/SemitrailerUsedCar.app/SemitrailerUsedCar";
			};
			name = Debug;
		};
		340210621FA6E13300193AF8 /* Release */ = {
			isa = XCBuildConfiguration;
			buildSettings = {
				BUNDLE_LOADER = "$(TEST_HOST)";
				CODE_SIGN_STYLE = Automatic;
				INFOPLIST_FILE = SemitrailerUsedCarTests/Info.plist;
				LD_RUNPATH_SEARCH_PATHS = "$(inherited) @executable_path/Frameworks @loader_path/Frameworks";
				PRODUCT_BUNDLE_IDENTIFIER = SZM.SemitrailerUsedCarTests;
				PRODUCT_NAME = "$(TARGET_NAME)";
				TARGETED_DEVICE_FAMILY = "1,2";
				TEST_HOST = "$(BUILT_PRODUCTS_DIR)/SemitrailerUsedCar.app/SemitrailerUsedCar";
			};
			name = Release;
		};
		340210641FA6E13300193AF8 /* Debug */ = {
			isa = XCBuildConfiguration;
			buildSettings = {
				CODE_SIGN_STYLE = Automatic;
				INFOPLIST_FILE = SemitrailerUsedCarUITests/Info.plist;
				LD_RUNPATH_SEARCH_PATHS = "$(inherited) @executable_path/Frameworks @loader_path/Frameworks";
				PRODUCT_BUNDLE_IDENTIFIER = SZM.SemitrailerUsedCarUITests;
				PRODUCT_NAME = "$(TARGET_NAME)";
				TARGETED_DEVICE_FAMILY = "1,2";
				TEST_TARGET_NAME = SemitrailerUsedCar;
			};
			name = Debug;
		};
		340210651FA6E13300193AF8 /* Release */ = {
			isa = XCBuildConfiguration;
			buildSettings = {
				CODE_SIGN_STYLE = Automatic;
				INFOPLIST_FILE = SemitrailerUsedCarUITests/Info.plist;
				LD_RUNPATH_SEARCH_PATHS = "$(inherited) @executable_path/Frameworks @loader_path/Frameworks";
				PRODUCT_BUNDLE_IDENTIFIER = SZM.SemitrailerUsedCarUITests;
				PRODUCT_NAME = "$(TARGET_NAME)";
				TARGETED_DEVICE_FAMILY = "1,2";
				TEST_TARGET_NAME = SemitrailerUsedCar;
			};
			name = Release;
		};
/* End XCBuildConfiguration section */

/* Begin XCConfigurationList section */
		3402102C1FA6E13300193AF8 /* Build configuration list for PBXProject "SemitrailerUsedCar" */ = {
			isa = XCConfigurationList;
			buildConfigurations = (
				3402105B1FA6E13300193AF8 /* Debug */,
				3402105C1FA6E13300193AF8 /* Release */,
			);
			defaultConfigurationIsVisible = 0;
			defaultConfigurationName = Release;
		};
		3402105D1FA6E13300193AF8 /* Build configuration list for PBXNativeTarget "SemitrailerUsedCar" */ = {
			isa = XCConfigurationList;
			buildConfigurations = (
				3402105E1FA6E13300193AF8 /* Debug */,
				3402105F1FA6E13300193AF8 /* Release */,
			);
			defaultConfigurationIsVisible = 0;
			defaultConfigurationName = Release;
		};
		340210601FA6E13300193AF8 /* Build configuration list for PBXNativeTarget "SemitrailerUsedCarTests" */ = {
			isa = XCConfigurationList;
			buildConfigurations = (
				340210611FA6E13300193AF8 /* Debug */,
				340210621FA6E13300193AF8 /* Release */,
			);
			defaultConfigurationIsVisible = 0;
			defaultConfigurationName = Release;
		};
		340210631FA6E13300193AF8 /* Build configuration list for PBXNativeTarget "SemitrailerUsedCarUITests" */ = {
			isa = XCConfigurationList;
			buildConfigurations = (
				340210641FA6E13300193AF8 /* Debug */,
				340210651FA6E13300193AF8 /* Release */,
			);
			defaultConfigurationIsVisible = 0;
			defaultConfigurationName = Release;
		};
/* End XCConfigurationList section */
	};
	rootObject = 340210291FA6E13300193AF8 /* Project object */;
}
